// !$*UTF8*$!
{
	archiveVersion = 1;
	classes = {
	};
	objectVersion = 46;
	objects = {

/* Begin PBXBuildFile section */
		805265EB1E80914A00307980 /* MainTabBarViewController.swift in Sources */ = {isa = PBXBuildFile; fileRef = 805265EA1E80914A00307980 /* MainTabBarViewController.swift */; };
		805265EF1E80EB2E00307980 /* UpdateDataViewController.swift in Sources */ = {isa = PBXBuildFile; fileRef = 805265EE1E80EB2E00307980 /* UpdateDataViewController.swift */; };
		805D052F1E784FAB00B8C682 /* AppDelegate.swift in Sources */ = {isa = PBXBuildFile; fileRef = 805D052E1E784FAB00B8C682 /* AppDelegate.swift */; };
		805D05341E784FAB00B8C682 /* Main.storyboard in Resources */ = {isa = PBXBuildFile; fileRef = 805D05321E784FAB00B8C682 /* Main.storyboard */; };
		805D05361E784FAB00B8C682 /* Assets.xcassets in Resources */ = {isa = PBXBuildFile; fileRef = 805D05351E784FAB00B8C682 /* Assets.xcassets */; };
		805D05391E784FAB00B8C682 /* LaunchScreen.storyboard in Resources */ = {isa = PBXBuildFile; fileRef = 805D05371E784FAB00B8C682 /* LaunchScreen.storyboard */; };
		805D05451E78870000B8C682 /* FirebaseManager.swift in Sources */ = {isa = PBXBuildFile; fileRef = 805D05441E78870000B8C682 /* FirebaseManager.swift */; };
		805D05491E788FA300B8C682 /* Problem.swift in Sources */ = {isa = PBXBuildFile; fileRef = 805D05481E788FA300B8C682 /* Problem.swift */; };
		805D054B1E78B38E00B8C682 /* ProblemTVCell.swift in Sources */ = {isa = PBXBuildFile; fileRef = 805D054A1E78B38E00B8C682 /* ProblemTVCell.swift */; };
		805E7F1F1E7FA8FA0075479F /* TagViewController.swift in Sources */ = {isa = PBXBuildFile; fileRef = 805E7F1E1E7FA8FA0075479F /* TagViewController.swift */; };
		805E7F231E7FB7420075479F /* TagSubTableViewController.swift in Sources */ = {isa = PBXBuildFile; fileRef = 805E7F221E7FB7420075479F /* TagSubTableViewController.swift */; };
		805E7F251E7FBFF50075479F /* RightMenuViewController.swift in Sources */ = {isa = PBXBuildFile; fileRef = 805E7F241E7FBFF50075479F /* RightMenuViewController.swift */; };
		805E7F271E7FC57F0075479F /* SendFeedbackTVCell.swift in Sources */ = {isa = PBXBuildFile; fileRef = 805E7F261E7FC57F0075479F /* SendFeedbackTVCell.swift */; };
		805E7F291E7FC9EA0075479F /* SendFeedbackViewController.swift in Sources */ = {isa = PBXBuildFile; fileRef = 805E7F281E7FC9EA0075479F /* SendFeedbackViewController.swift */; };
		805E7F2B1E7FD3AC0075479F /* StartViewController.swift in Sources */ = {isa = PBXBuildFile; fileRef = 805E7F2A1E7FD3AC0075479F /* StartViewController.swift */; };
		808320CA1E89A95000F488A2 /* TrashProblemTableViewController.swift in Sources */ = {isa = PBXBuildFile; fileRef = 808320C91E89A95000F488A2 /* TrashProblemTableViewController.swift */; };
		809D9C031E7B3B230091D7D5 /* HomeTableViewController.swift in Sources */ = {isa = PBXBuildFile; fileRef = 809D9C021E7B3B230091D7D5 /* HomeTableViewController.swift */; };
		809D9C051E7B56540091D7D5 /* FavoriteProblemTVC.swift in Sources */ = {isa = PBXBuildFile; fileRef = 809D9C041E7B56540091D7D5 /* FavoriteProblemTVC.swift */; };
		80BC12681E7C56C500AFE182 /* ProblemDetailViewController.swift in Sources */ = {isa = PBXBuildFile; fileRef = 80BC12671E7C56C500AFE182 /* ProblemDetailViewController.swift */; };
		80C2557A1E7BBDE000842459 /* CustomSearchBar.swift in Sources */ = {isa = PBXBuildFile; fileRef = 80C255791E7BBDE000842459 /* CustomSearchBar.swift */; };
		80C2557C1E7BC10300842459 /* CustomSearchController.swift in Sources */ = {isa = PBXBuildFile; fileRef = 80C2557B1E7BC10300842459 /* CustomSearchController.swift */; };
		80D04A3B1E7FE6C30068124C /* GTProgressBar.swift in Sources */ = {isa = PBXBuildFile; fileRef = 80D04A3A1E7FE6C30068124C /* GTProgressBar.swift */; };
		80D04A3D1E7FF36D0068124C /* loading.gif in Resources */ = {isa = PBXBuildFile; fileRef = 80D04A3C1E7FF36D0068124C /* loading.gif */; };
		80D04A411E804EC10068124C /* Reachability.swift in Sources */ = {isa = PBXBuildFile; fileRef = 80D04A401E804EC10068124C /* Reachability.swift */; };
		80F37BF41E88F48F000BA86B /* MGSwipeButton.m in Sources */ = {isa = PBXBuildFile; fileRef = 80F37BF11E88F48F000BA86B /* MGSwipeButton.m */; };
		80F37BF51E88F48F000BA86B /* MGSwipeTableCell.m in Sources */ = {isa = PBXBuildFile; fileRef = 80F37BF31E88F48F000BA86B /* MGSwipeTableCell.m */; };
		80F666731E79E7450030FA1E /* DescriptionTVCell.swift in Sources */ = {isa = PBXBuildFile; fileRef = 80F666721E79E7450030FA1E /* DescriptionTVCell.swift */; };
		80F666751E79E7E20030FA1E /* TitleTVCell.swift in Sources */ = {isa = PBXBuildFile; fileRef = 80F666741E79E7E20030FA1E /* TitleTVCell.swift */; };
		80F666771E79E7F60030FA1E /* SolutionsTVCell.swift in Sources */ = {isa = PBXBuildFile; fileRef = 80F666761E79E7F60030FA1E /* SolutionsTVCell.swift */; };
		80F6667E1E7A417F0030FA1E /* code-style.css in Resources */ = {isa = PBXBuildFile; fileRef = 80F6667D1E7A417F0030FA1E /* code-style.css */; };
		80FB73981E7C798A00D8396D /* LeftMenuViewController.swift in Sources */ = {isa = PBXBuildFile; fileRef = 80FB73971E7C798A00D8396D /* LeftMenuViewController.swift */; };
		80FB739A1E7C7B8000D8396D /* WelcomeTVCell.swift in Sources */ = {isa = PBXBuildFile; fileRef = 80FB73991E7C7B8000D8396D /* WelcomeTVCell.swift */; };
		80FB739C1E7C7B9200D8396D /* OptionOneTableViewCell.swift in Sources */ = {isa = PBXBuildFile; fileRef = 80FB739B1E7C7B9200D8396D /* OptionOneTableViewCell.swift */; };
		B9EAB066297D5C871FB473D4 /* Pods_LeetCodee.framework in Frameworks */ = {isa = PBXBuildFile; fileRef = 0FD46ACAA72717A9836A7C9D /* Pods_LeetCodee.framework */; };
		E0DBB09C1E81178D005A383F /* GoogleService-Info.plist in Resources */ = {isa = PBXBuildFile; fileRef = E0DBB09B1E81178D005A383F /* GoogleService-Info.plist */; };
/* End PBXBuildFile section */

/* Begin PBXFileReference section */
		0FD46ACAA72717A9836A7C9D /* Pods_LeetCodee.framework */ = {isa = PBXFileReference; explicitFileType = wrapper.framework; includeInIndex = 0; path = Pods_LeetCodee.framework; sourceTree = BUILT_PRODUCTS_DIR; };
		67999FF3B4CBEBF2932AB27C /* Pods-LeetCodee.debug.xcconfig */ = {isa = PBXFileReference; includeInIndex = 1; lastKnownFileType = text.xcconfig; name = "Pods-LeetCodee.debug.xcconfig"; path = "Pods/Target Support Files/Pods-LeetCodee/Pods-LeetCodee.debug.xcconfig"; sourceTree = "<group>"; };
		805265EA1E80914A00307980 /* MainTabBarViewController.swift */ = {isa = PBXFileReference; fileEncoding = 4; lastKnownFileType = sourcecode.swift; path = MainTabBarViewController.swift; sourceTree = "<group>"; };
		805265EE1E80EB2E00307980 /* UpdateDataViewController.swift */ = {isa = PBXFileReference; fileEncoding = 4; lastKnownFileType = sourcecode.swift; path = UpdateDataViewController.swift; sourceTree = "<group>"; };
		805D052B1E784FAB00B8C682 /* LeetCodee.app */ = {isa = PBXFileReference; explicitFileType = wrapper.application; includeInIndex = 0; path = LeetCodee.app; sourceTree = BUILT_PRODUCTS_DIR; };
		805D052E1E784FAB00B8C682 /* AppDelegate.swift */ = {isa = PBXFileReference; lastKnownFileType = sourcecode.swift; path = AppDelegate.swift; sourceTree = "<group>"; };
		805D05331E784FAB00B8C682 /* Base */ = {isa = PBXFileReference; lastKnownFileType = file.storyboard; name = Base; path = Base.lproj/Main.storyboard; sourceTree = "<group>"; };
		805D05351E784FAB00B8C682 /* Assets.xcassets */ = {isa = PBXFileReference; lastKnownFileType = folder.assetcatalog; path = Assets.xcassets; sourceTree = "<group>"; };
		805D05381E784FAB00B8C682 /* Base */ = {isa = PBXFileReference; lastKnownFileType = file.storyboard; name = Base; path = Base.lproj/LaunchScreen.storyboard; sourceTree = "<group>"; };
		805D053A1E784FAB00B8C682 /* Info.plist */ = {isa = PBXFileReference; lastKnownFileType = text.plist.xml; path = Info.plist; sourceTree = "<group>"; };
		805D05441E78870000B8C682 /* FirebaseManager.swift */ = {isa = PBXFileReference; fileEncoding = 4; lastKnownFileType = sourcecode.swift; path = FirebaseManager.swift; sourceTree = "<group>"; };
		805D05481E788FA300B8C682 /* Problem.swift */ = {isa = PBXFileReference; fileEncoding = 4; lastKnownFileType = sourcecode.swift; path = Problem.swift; sourceTree = "<group>"; };
		805D054A1E78B38E00B8C682 /* ProblemTVCell.swift */ = {isa = PBXFileReference; fileEncoding = 4; lastKnownFileType = sourcecode.swift; path = ProblemTVCell.swift; sourceTree = "<group>"; };
		805E7F1E1E7FA8FA0075479F /* TagViewController.swift */ = {isa = PBXFileReference; fileEncoding = 4; lastKnownFileType = sourcecode.swift; path = TagViewController.swift; sourceTree = "<group>"; };
		805E7F221E7FB7420075479F /* TagSubTableViewController.swift */ = {isa = PBXFileReference; fileEncoding = 4; lastKnownFileType = sourcecode.swift; path = TagSubTableViewController.swift; sourceTree = "<group>"; };
		805E7F241E7FBFF50075479F /* RightMenuViewController.swift */ = {isa = PBXFileReference; fileEncoding = 4; lastKnownFileType = sourcecode.swift; path = RightMenuViewController.swift; sourceTree = "<group>"; };
		805E7F261E7FC57F0075479F /* SendFeedbackTVCell.swift */ = {isa = PBXFileReference; fileEncoding = 4; lastKnownFileType = sourcecode.swift; path = SendFeedbackTVCell.swift; sourceTree = "<group>"; };
		805E7F281E7FC9EA0075479F /* SendFeedbackViewController.swift */ = {isa = PBXFileReference; fileEncoding = 4; lastKnownFileType = sourcecode.swift; path = SendFeedbackViewController.swift; sourceTree = "<group>"; };
		805E7F2A1E7FD3AC0075479F /* StartViewController.swift */ = {isa = PBXFileReference; fileEncoding = 4; lastKnownFileType = sourcecode.swift; path = StartViewController.swift; sourceTree = "<group>"; };
		808320C91E89A95000F488A2 /* TrashProblemTableViewController.swift */ = {isa = PBXFileReference; fileEncoding = 4; lastKnownFileType = sourcecode.swift; path = TrashProblemTableViewController.swift; sourceTree = "<group>"; };
		809D9C021E7B3B230091D7D5 /* HomeTableViewController.swift */ = {isa = PBXFileReference; fileEncoding = 4; lastKnownFileType = sourcecode.swift; path = HomeTableViewController.swift; sourceTree = "<group>"; };
		809D9C041E7B56540091D7D5 /* FavoriteProblemTVC.swift */ = {isa = PBXFileReference; fileEncoding = 4; lastKnownFileType = sourcecode.swift; path = FavoriteProblemTVC.swift; sourceTree = "<group>"; };
		80BC12671E7C56C500AFE182 /* ProblemDetailViewController.swift */ = {isa = PBXFileReference; fileEncoding = 4; lastKnownFileType = sourcecode.swift; path = ProblemDetailViewController.swift; sourceTree = "<group>"; };
		80C255791E7BBDE000842459 /* CustomSearchBar.swift */ = {isa = PBXFileReference; fileEncoding = 4; lastKnownFileType = sourcecode.swift; path = CustomSearchBar.swift; sourceTree = "<group>"; };
		80C2557B1E7BC10300842459 /* CustomSearchController.swift */ = {isa = PBXFileReference; fileEncoding = 4; lastKnownFileType = sourcecode.swift; path = CustomSearchController.swift; sourceTree = "<group>"; };
		80D04A3A1E7FE6C30068124C /* GTProgressBar.swift */ = {isa = PBXFileReference; fileEncoding = 4; lastKnownFileType = sourcecode.swift; path = GTProgressBar.swift; sourceTree = "<group>"; };
		80D04A3C1E7FF36D0068124C /* loading.gif */ = {isa = PBXFileReference; lastKnownFileType = image.gif; path = loading.gif; sourceTree = "<group>"; };
		80D04A401E804EC10068124C /* Reachability.swift */ = {isa = PBXFileReference; fileEncoding = 4; lastKnownFileType = sourcecode.swift; path = Reachability.swift; sourceTree = "<group>"; };
		80F37BE71E88F413000BA86B /* LeetCodee-Bridging-Header.h */ = {isa = PBXFileReference; lastKnownFileType = sourcecode.c.h; path = "LeetCodee-Bridging-Header.h"; sourceTree = "<group>"; };
		80F37BF01E88F48F000BA86B /* MGSwipeButton.h */ = {isa = PBXFileReference; fileEncoding = 4; lastKnownFileType = sourcecode.c.h; path = MGSwipeButton.h; sourceTree = "<group>"; };
		80F37BF11E88F48F000BA86B /* MGSwipeButton.m */ = {isa = PBXFileReference; fileEncoding = 4; lastKnownFileType = sourcecode.c.objc; path = MGSwipeButton.m; sourceTree = "<group>"; };
		80F37BF21E88F48F000BA86B /* MGSwipeTableCell.h */ = {isa = PBXFileReference; fileEncoding = 4; lastKnownFileType = sourcecode.c.h; path = MGSwipeTableCell.h; sourceTree = "<group>"; };
		80F37BF31E88F48F000BA86B /* MGSwipeTableCell.m */ = {isa = PBXFileReference; fileEncoding = 4; lastKnownFileType = sourcecode.c.objc; path = MGSwipeTableCell.m; sourceTree = "<group>"; };
		80F666721E79E7450030FA1E /* DescriptionTVCell.swift */ = {isa = PBXFileReference; fileEncoding = 4; lastKnownFileType = sourcecode.swift; path = DescriptionTVCell.swift; sourceTree = "<group>"; };
		80F666741E79E7E20030FA1E /* TitleTVCell.swift */ = {isa = PBXFileReference; fileEncoding = 4; lastKnownFileType = sourcecode.swift; path = TitleTVCell.swift; sourceTree = "<group>"; };
		80F666761E79E7F60030FA1E /* SolutionsTVCell.swift */ = {isa = PBXFileReference; fileEncoding = 4; lastKnownFileType = sourcecode.swift; path = SolutionsTVCell.swift; sourceTree = "<group>"; };
		80F6667D1E7A417F0030FA1E /* code-style.css */ = {isa = PBXFileReference; lastKnownFileType = text.css; name = "code-style.css"; path = "../code-style.css"; sourceTree = "<group>"; };
		80FB73971E7C798A00D8396D /* LeftMenuViewController.swift */ = {isa = PBXFileReference; fileEncoding = 4; lastKnownFileType = sourcecode.swift; path = LeftMenuViewController.swift; sourceTree = "<group>"; };
		80FB73991E7C7B8000D8396D /* WelcomeTVCell.swift */ = {isa = PBXFileReference; fileEncoding = 4; lastKnownFileType = sourcecode.swift; path = WelcomeTVCell.swift; sourceTree = "<group>"; };
		80FB739B1E7C7B9200D8396D /* OptionOneTableViewCell.swift */ = {isa = PBXFileReference; fileEncoding = 4; lastKnownFileType = sourcecode.swift; path = OptionOneTableViewCell.swift; sourceTree = "<group>"; };
		B8A0CF793844C9B96D73147C /* Pods-LeetCodee.release.xcconfig */ = {isa = PBXFileReference; includeInIndex = 1; lastKnownFileType = text.xcconfig; name = "Pods-LeetCodee.release.xcconfig"; path = "Pods/Target Support Files/Pods-LeetCodee/Pods-LeetCodee.release.xcconfig"; sourceTree = "<group>"; };
		E0DBB09B1E81178D005A383F /* GoogleService-Info.plist */ = {isa = PBXFileReference; fileEncoding = 4; lastKnownFileType = text.plist.xml; path = "GoogleService-Info.plist"; sourceTree = "<group>"; };
/* End PBXFileReference section */

/* Begin PBXFrameworksBuildPhase section */
		805D05281E784FAB00B8C682 /* Frameworks */ = {
			isa = PBXFrameworksBuildPhase;
			buildActionMask = 2147483647;
			files = (
				B9EAB066297D5C871FB473D4 /* Pods_LeetCodee.framework in Frameworks */,
			);
			runOnlyForDeploymentPostprocessing = 0;
		};
/* End PBXFrameworksBuildPhase section */

/* Begin PBXGroup section */
		276BCEB7A1F7C836A32006DC /* Frameworks */ = {
			isa = PBXGroup;
			children = (
				0FD46ACAA72717A9836A7C9D /* Pods_LeetCodee.framework */,
			);
			name = Frameworks;
			sourceTree = "<group>";
		};
		805D05221E784FAB00B8C682 = {
			isa = PBXGroup;
			children = (
				805D052D1E784FAB00B8C682 /* LeetCodee */,
				805D052C1E784FAB00B8C682 /* Products */,
				CE3B4EECB9BC2966C7787513 /* Pods */,
				276BCEB7A1F7C836A32006DC /* Frameworks */,
			);
			sourceTree = "<group>";
		};
		805D052C1E784FAB00B8C682 /* Products */ = {
			isa = PBXGroup;
			children = (
				805D052B1E784FAB00B8C682 /* LeetCodee.app */,
			);
			name = Products;
			sourceTree = "<group>";
		};
		805D052D1E784FAB00B8C682 /* LeetCodee */ = {
			isa = PBXGroup;
			children = (
				805D052E1E784FAB00B8C682 /* AppDelegate.swift */,
				805D05441E78870000B8C682 /* FirebaseManager.swift */,
				80D04A401E804EC10068124C /* Reachability.swift */,
				805D05481E788FA300B8C682 /* Problem.swift */,
				805D05321E784FAB00B8C682 /* Main.storyboard */,
				805265EE1E80EB2E00307980 /* UpdateDataViewController.swift */,
				805E7F281E7FC9EA0075479F /* SendFeedbackViewController.swift */,
				805265EA1E80914A00307980 /* MainTabBarViewController.swift */,
				805E7F1E1E7FA8FA0075479F /* TagViewController.swift */,
				805E7F221E7FB7420075479F /* TagSubTableViewController.swift */,
				80FB73991E7C7B8000D8396D /* WelcomeTVCell.swift */,
				80FB739B1E7C7B9200D8396D /* OptionOneTableViewCell.swift */,
				80FB73971E7C798A00D8396D /* LeftMenuViewController.swift */,
				805E7F241E7FBFF50075479F /* RightMenuViewController.swift */,
				805E7F261E7FC57F0075479F /* SendFeedbackTVCell.swift */,
				809D9C041E7B56540091D7D5 /* FavoriteProblemTVC.swift */,
				808320C91E89A95000F488A2 /* TrashProblemTableViewController.swift */,
				80C255791E7BBDE000842459 /* CustomSearchBar.swift */,
				80C2557B1E7BC10300842459 /* CustomSearchController.swift */,
				809D9C021E7B3B230091D7D5 /* HomeTableViewController.swift */,
				805E7F2A1E7FD3AC0075479F /* StartViewController.swift */,
				80F666741E79E7E20030FA1E /* TitleTVCell.swift */,
				80F666761E79E7F60030FA1E /* SolutionsTVCell.swift */,
				805D054A1E78B38E00B8C682 /* ProblemTVCell.swift */,
				80F666721E79E7450030FA1E /* DescriptionTVCell.swift */,
				80BC12671E7C56C500AFE182 /* ProblemDetailViewController.swift */,
				80D04A3A1E7FE6C30068124C /* GTProgressBar.swift */,
				805D05351E784FAB00B8C682 /* Assets.xcassets */,
				80D04A3C1E7FF36D0068124C /* loading.gif */,
				80F6667D1E7A417F0030FA1E /* code-style.css */,
				805D05371E784FAB00B8C682 /* LaunchScreen.storyboard */,
				805D053A1E784FAB00B8C682 /* Info.plist */,
				E0DBB09B1E81178D005A383F /* GoogleService-Info.plist */,
				80F37BE71E88F413000BA86B /* LeetCodee-Bridging-Header.h */,
				80F37BF61E88F494000BA86B /* MGSwipeTableCell */,
			);
			path = LeetCodee;
			sourceTree = "<group>";
		};
		80F37BF61E88F494000BA86B /* MGSwipeTableCell */ = {
			isa = PBXGroup;
			children = (
				80F37BF01E88F48F000BA86B /* MGSwipeButton.h */,
				80F37BF11E88F48F000BA86B /* MGSwipeButton.m */,
				80F37BF21E88F48F000BA86B /* MGSwipeTableCell.h */,
				80F37BF31E88F48F000BA86B /* MGSwipeTableCell.m */,
			);
			name = MGSwipeTableCell;
			sourceTree = "<group>";
		};
		CE3B4EECB9BC2966C7787513 /* Pods */ = {
			isa = PBXGroup;
			children = (
				67999FF3B4CBEBF2932AB27C /* Pods-LeetCodee.debug.xcconfig */,
				B8A0CF793844C9B96D73147C /* Pods-LeetCodee.release.xcconfig */,
			);
			name = Pods;
			sourceTree = "<group>";
		};
/* End PBXGroup section */

/* Begin PBXNativeTarget section */
		805D052A1E784FAB00B8C682 /* LeetCodee */ = {
			isa = PBXNativeTarget;
			buildConfigurationList = 805D053D1E784FAB00B8C682 /* Build configuration list for PBXNativeTarget "LeetCodee" */;
			buildPhases = (
				377F3F97DDDE6F4DDBD2FBA4 /* [CP] Check Pods Manifest.lock */,
				805D05271E784FAB00B8C682 /* Sources */,
				805D05281E784FAB00B8C682 /* Frameworks */,
				805D05291E784FAB00B8C682 /* Resources */,
				05EC5DBA4D2A1B6966BE611B /* [CP] Embed Pods Frameworks */,
				19D33387545DA0413A087136 /* [CP] Copy Pods Resources */,
			);
			buildRules = (
			);
			dependencies = (
			);
			name = LeetCodee;
			productName = LeetCodee;
			productReference = 805D052B1E784FAB00B8C682 /* LeetCodee.app */;
			productType = "com.apple.product-type.application";
		};
/* End PBXNativeTarget section */

/* Begin PBXProject section */
		805D05231E784FAB00B8C682 /* Project object */ = {
			isa = PBXProject;
			attributes = {
				LastSwiftUpdateCheck = 0820;
				LastUpgradeCheck = 0820;
				ORGANIZATIONNAME = "Xiaoyu Guo";
				TargetAttributes = {
					805D052A1E784FAB00B8C682 = {
						CreatedOnToolsVersion = 8.2.1;
						DevelopmentTeam = N74Z9L6N77;
						LastSwiftMigration = 0820;
						ProvisioningStyle = Manual;
					};
				};
			};
			buildConfigurationList = 805D05261E784FAB00B8C682 /* Build configuration list for PBXProject "LeetCodee" */;
			compatibilityVersion = "Xcode 3.2";
			developmentRegion = English;
			hasScannedForEncodings = 0;
			knownRegions = (
				en,
				Base,
			);
			mainGroup = 805D05221E784FAB00B8C682;
			productRefGroup = 805D052C1E784FAB00B8C682 /* Products */;
			projectDirPath = "";
			projectRoot = "";
			targets = (
				805D052A1E784FAB00B8C682 /* LeetCodee */,
			);
		};
/* End PBXProject section */

/* Begin PBXResourcesBuildPhase section */
		805D05291E784FAB00B8C682 /* Resources */ = {
			isa = PBXResourcesBuildPhase;
			buildActionMask = 2147483647;
			files = (
				80F6667E1E7A417F0030FA1E /* code-style.css in Resources */,
				805D05391E784FAB00B8C682 /* LaunchScreen.storyboard in Resources */,
				80D04A3D1E7FF36D0068124C /* loading.gif in Resources */,
				805D05361E784FAB00B8C682 /* Assets.xcassets in Resources */,
				805D05341E784FAB00B8C682 /* Main.storyboard in Resources */,
				E0DBB09C1E81178D005A383F /* GoogleService-Info.plist in Resources */,
			);
			runOnlyForDeploymentPostprocessing = 0;
		};
/* End PBXResourcesBuildPhase section */

/* Begin PBXShellScriptBuildPhase section */
		05EC5DBA4D2A1B6966BE611B /* [CP] Embed Pods Frameworks */ = {
			isa = PBXShellScriptBuildPhase;
			buildActionMask = 2147483647;
			files = (
			);
			inputPaths = (
			);
			name = "[CP] Embed Pods Frameworks";
			outputPaths = (
			);
			runOnlyForDeploymentPostprocessing = 0;
			shellPath = /bin/sh;
			shellScript = "\"${SRCROOT}/Pods/Target Support Files/Pods-LeetCodee/Pods-LeetCodee-frameworks.sh\"\n";
			showEnvVarsInLog = 0;
		};
		19D33387545DA0413A087136 /* [CP] Copy Pods Resources */ = {
			isa = PBXShellScriptBuildPhase;
			buildActionMask = 2147483647;
			files = (
			);
			inputPaths = (
			);
			name = "[CP] Copy Pods Resources";
			outputPaths = (
			);
			runOnlyForDeploymentPostprocessing = 0;
			shellPath = /bin/sh;
			shellScript = "\"${SRCROOT}/Pods/Target Support Files/Pods-LeetCodee/Pods-LeetCodee-resources.sh\"\n";
			showEnvVarsInLog = 0;
		};
		377F3F97DDDE6F4DDBD2FBA4 /* [CP] Check Pods Manifest.lock */ = {
			isa = PBXShellScriptBuildPhase;
			buildActionMask = 2147483647;
			files = (
			);
			inputPaths = (
			);
			name = "[CP] Check Pods Manifest.lock";
			outputPaths = (
			);
			runOnlyForDeploymentPostprocessing = 0;
			shellPath = /bin/sh;
			shellScript = "diff \"${PODS_ROOT}/../Podfile.lock\" \"${PODS_ROOT}/Manifest.lock\" > /dev/null\nif [ $? != 0 ] ; then\n    # print error to STDERR\n    echo \"error: The sandbox is not in sync with the Podfile.lock. Run 'pod install' or update your CocoaPods installation.\" >&2\n    exit 1\nfi\n";
			showEnvVarsInLog = 0;
		};
/* End PBXShellScriptBuildPhase section */

/* Begin PBXSourcesBuildPhase section */
		805D05271E784FAB00B8C682 /* Sources */ = {
			isa = PBXSourcesBuildPhase;
			buildActionMask = 2147483647;
			files = (
				80C2557C1E7BC10300842459 /* CustomSearchController.swift in Sources */,
				80F666751E79E7E20030FA1E /* TitleTVCell.swift in Sources */,
				808320CA1E89A95000F488A2 /* TrashProblemTableViewController.swift in Sources */,
				80F666771E79E7F60030FA1E /* SolutionsTVCell.swift in Sources */,
				805265EF1E80EB2E00307980 /* UpdateDataViewController.swift in Sources */,
				80FB739C1E7C7B9200D8396D /* OptionOneTableViewCell.swift in Sources */,
				805D05451E78870000B8C682 /* FirebaseManager.swift in Sources */,
				809D9C051E7B56540091D7D5 /* FavoriteProblemTVC.swift in Sources */,
				80F37BF51E88F48F000BA86B /* MGSwipeTableCell.m in Sources */,
				80BC12681E7C56C500AFE182 /* ProblemDetailViewController.swift in Sources */,
				805E7F231E7FB7420075479F /* TagSubTableViewController.swift in Sources */,
				805E7F2B1E7FD3AC0075479F /* StartViewController.swift in Sources */,
				805265EB1E80914A00307980 /* MainTabBarViewController.swift in Sources */,
				805D052F1E784FAB00B8C682 /* AppDelegate.swift in Sources */,
				809D9C031E7B3B230091D7D5 /* HomeTableViewController.swift in Sources */,
				805E7F251E7FBFF50075479F /* RightMenuViewController.swift in Sources */,
				805D05491E788FA300B8C682 /* Problem.swift in Sources */,
				805D054B1E78B38E00B8C682 /* ProblemTVCell.swift in Sources */,
				80F37BF41E88F48F000BA86B /* MGSwipeButton.m in Sources */,
				805E7F271E7FC57F0075479F /* SendFeedbackTVCell.swift in Sources */,
				80D04A411E804EC10068124C /* Reachability.swift in Sources */,
				80D04A3B1E7FE6C30068124C /* GTProgressBar.swift in Sources */,
				805E7F291E7FC9EA0075479F /* SendFeedbackViewController.swift in Sources */,
				80FB739A1E7C7B8000D8396D /* WelcomeTVCell.swift in Sources */,
				80FB73981E7C798A00D8396D /* LeftMenuViewController.swift in Sources */,
				805E7F1F1E7FA8FA0075479F /* TagViewController.swift in Sources */,
				80C2557A1E7BBDE000842459 /* CustomSearchBar.swift in Sources */,
				80F666731E79E7450030FA1E /* DescriptionTVCell.swift in Sources */,
			);
			runOnlyForDeploymentPostprocessing = 0;
		};
/* End PBXSourcesBuildPhase section */

/* Begin PBXVariantGroup section */
		805D05321E784FAB00B8C682 /* Main.storyboard */ = {
			isa = PBXVariantGroup;
			children = (
				805D05331E784FAB00B8C682 /* Base */,
			);
			name = Main.storyboard;
			sourceTree = "<group>";
		};
		805D05371E784FAB00B8C682 /* LaunchScreen.storyboard */ = {
			isa = PBXVariantGroup;
			children = (
				805D05381E784FAB00B8C682 /* Base */,
			);
			name = LaunchScreen.storyboard;
			sourceTree = "<group>";
		};
/* End PBXVariantGroup section */

/* Begin XCBuildConfiguration section */
		805D053B1E784FAB00B8C682 /* Debug */ = {
			isa = XCBuildConfiguration;
			buildSettings = {
				ALWAYS_SEARCH_USER_PATHS = NO;
				CLANG_ANALYZER_NONNULL = YES;
				CLANG_CXX_LANGUAGE_STANDARD = "gnu++0x";
				CLANG_CXX_LIBRARY = "libc++";
				CLANG_ENABLE_MODULES = YES;
				CLANG_ENABLE_OBJC_ARC = YES;
				CLANG_WARN_BOOL_CONVERSION = YES;
				CLANG_WARN_CONSTANT_CONVERSION = YES;
				CLANG_WARN_DIRECT_OBJC_ISA_USAGE = YES_ERROR;
				CLANG_WARN_DOCUMENTATION_COMMENTS = YES;
				CLANG_WARN_EMPTY_BODY = YES;
				CLANG_WARN_ENUM_CONVERSION = YES;
				CLANG_WARN_INFINITE_RECURSION = YES;
				CLANG_WARN_INT_CONVERSION = YES;
				CLANG_WARN_OBJC_ROOT_CLASS = YES_ERROR;
				CLANG_WARN_SUSPICIOUS_MOVE = YES;
				CLANG_WARN_UNREACHABLE_CODE = YES;
				CLANG_WARN__DUPLICATE_METHOD_MATCH = YES;
				CODE_SIGN_IDENTITY = "iPhone Distribution";
				"CODE_SIGN_IDENTITY[sdk=iphoneos*]" = "iPhone Distribution";
				COPY_PHASE_STRIP = NO;
				DEBUG_INFORMATION_FORMAT = dwarf;
				DEVELOPMENT_TEAM = N74Z9L6N77;
				ENABLE_STRICT_OBJC_MSGSEND = YES;
				ENABLE_TESTABILITY = YES;
				GCC_C_LANGUAGE_STANDARD = gnu99;
				GCC_DYNAMIC_NO_PIC = NO;
				GCC_NO_COMMON_BLOCKS = YES;
				GCC_OPTIMIZATION_LEVEL = 0;
				GCC_PREPROCESSOR_DEFINITIONS = (
					"DEBUG=1",
					"$(inherited)",
				);
				GCC_WARN_64_TO_32_BIT_CONVERSION = YES;
				GCC_WARN_ABOUT_RETURN_TYPE = YES_ERROR;
				GCC_WARN_UNDECLARED_SELECTOR = YES;
				GCC_WARN_UNINITIALIZED_AUTOS = YES_AGGRESSIVE;
				GCC_WARN_UNUSED_FUNCTION = YES;
				GCC_WARN_UNUSED_VARIABLE = YES;
				IPHONEOS_DEPLOYMENT_TARGET = 9.0;
				MTL_ENABLE_DEBUG_INFO = YES;
				ONLY_ACTIVE_ARCH = YES;
				SDKROOT = iphoneos;
				SWIFT_ACTIVE_COMPILATION_CONDITIONS = DEBUG;
				SWIFT_OPTIMIZATION_LEVEL = "-Onone";
				TARGETED_DEVICE_FAMILY = "1,2";
			};
			name = Debug;
		};
		805D053C1E784FAB00B8C682 /* Release */ = {
			isa = XCBuildConfiguration;
			buildSettings = {
				ALWAYS_SEARCH_USER_PATHS = NO;
				CLANG_ANALYZER_NONNULL = YES;
				CLANG_CXX_LANGUAGE_STANDARD = "gnu++0x";
				CLANG_CXX_LIBRARY = "libc++";
				CLANG_ENABLE_MODULES = YES;
				CLANG_ENABLE_OBJC_ARC = YES;
				CLANG_WARN_BOOL_CONVERSION = YES;
				CLANG_WARN_CONSTANT_CONVERSION = YES;
				CLANG_WARN_DIRECT_OBJC_ISA_USAGE = YES_ERROR;
				CLANG_WARN_DOCUMENTATION_COMMENTS = YES;
				CLANG_WARN_EMPTY_BODY = YES;
				CLANG_WARN_ENUM_CONVERSION = YES;
				CLANG_WARN_INFINITE_RECURSION = YES;
				CLANG_WARN_INT_CONVERSION = YES;
				CLANG_WARN_OBJC_ROOT_CLASS = YES_ERROR;
				CLANG_WARN_SUSPICIOUS_MOVE = YES;
				CLANG_WARN_UNREACHABLE_CODE = YES;
				CLANG_WARN__DUPLICATE_METHOD_MATCH = YES;
				CODE_SIGN_IDENTITY = "iPhone Distribution";
				"CODE_SIGN_IDENTITY[sdk=iphoneos*]" = "iPhone Distribution";
				COPY_PHASE_STRIP = NO;
				DEBUG_INFORMATION_FORMAT = "dwarf-with-dsym";
				DEVELOPMENT_TEAM = N74Z9L6N77;
				ENABLE_NS_ASSERTIONS = NO;
				ENABLE_STRICT_OBJC_MSGSEND = YES;
				GCC_C_LANGUAGE_STANDARD = gnu99;
				GCC_NO_COMMON_BLOCKS = YES;
				GCC_WARN_64_TO_32_BIT_CONVERSION = YES;
				GCC_WARN_ABOUT_RETURN_TYPE = YES_ERROR;
				GCC_WARN_UNDECLARED_SELECTOR = YES;
				GCC_WARN_UNINITIALIZED_AUTOS = YES_AGGRESSIVE;
				GCC_WARN_UNUSED_FUNCTION = YES;
				GCC_WARN_UNUSED_VARIABLE = YES;
				IPHONEOS_DEPLOYMENT_TARGET = 9.0;
				MTL_ENABLE_DEBUG_INFO = NO;
				SDKROOT = iphoneos;
				SWIFT_OPTIMIZATION_LEVEL = "-Owholemodule";
				TARGETED_DEVICE_FAMILY = "1,2";
				VALIDATE_PRODUCT = YES;
			};
			name = Release;
		};
		805D053E1E784FAB00B8C682 /* Debug */ = {
			isa = XCBuildConfiguration;
			baseConfigurationReference = 67999FF3B4CBEBF2932AB27C /* Pods-LeetCodee.debug.xcconfig */;
			buildSettings = {
				ASSETCATALOG_COMPILER_APPICON_NAME = AppIcon;
				CLANG_ENABLE_MODULES = YES;
				CODE_SIGN_IDENTITY = "";
				"CODE_SIGN_IDENTITY[sdk=iphoneos*]" = "iPhone Distribution";
				DEVELOPMENT_TEAM = N74Z9L6N77;
				INFOPLIST_FILE = LeetCodee/Info.plist;
				LD_RUNPATH_SEARCH_PATHS = "$(inherited) @executable_path/Frameworks";
				PRODUCT_BUNDLE_IDENTIFIER = com.michael.guo.apps.leetcodereader;
				PRODUCT_NAME = "$(TARGET_NAME)";
				PROVISIONING_PROFILE = "588a757d-512a-4cae-b0db-b75988da9d54";
				PROVISIONING_PROFILE_SPECIFIER = guo;
				SWIFT_OBJC_BRIDGING_HEADER = "LeetCodee/LeetCodee-Bridging-Header.h";
				SWIFT_OPTIMIZATION_LEVEL = "-Onone";
				SWIFT_VERSION = 3.0;
			};
			name = Debug;
		};
		805D053F1E784FAB00B8C682 /* Release */ = {
			isa = XCBuildConfiguration;
			baseConfigurationReference = B8A0CF793844C9B96D73147C /* Pods-LeetCodee.release.xcconfig */;
			buildSettings = {
				ASSETCATALOG_COMPILER_APPICON_NAME = AppIcon;
				CLANG_ENABLE_MODULES = YES;
				CODE_SIGN_IDENTITY = "";
				"CODE_SIGN_IDENTITY[sdk=iphoneos*]" = "iPhone Distribution";
				DEVELOPMENT_TEAM = N74Z9L6N77;
				INFOPLIST_FILE = LeetCodee/Info.plist;
				LD_RUNPATH_SEARCH_PATHS = "$(inherited) @executable_path/Frameworks";
				PRODUCT_BUNDLE_IDENTIFIER = com.michael.guo.apps.leetcodereader;
				PRODUCT_NAME = "$(TARGET_NAME)";
				PROVISIONING_PROFILE = "588a757d-512a-4cae-b0db-b75988da9d54";
				PROVISIONING_PROFILE_SPECIFIER = guo;
				SWIFT_OBJC_BRIDGING_HEADER = "LeetCodee/LeetCodee-Bridging-Header.h";
				SWIFT_VERSION = 3.0;
			};
			name = Release;
		};
/* End XCBuildConfiguration section */

/* Begin XCConfigurationList section */
		805D05261E784FAB00B8C682 /* Build configuration list for PBXProject "LeetCodee" */ = {
			isa = XCConfigurationList;
			buildConfigurations = (
				805D053B1E784FAB00B8C682 /* Debug */,
				805D053C1E784FAB00B8C682 /* Release */,
			);
			defaultConfigurationIsVisible = 0;
			defaultConfigurationName = Release;
		};
		805D053D1E784FAB00B8C682 /* Build configuration list for PBXNativeTarget "LeetCodee" */ = {
			isa = XCConfigurationList;
			buildConfigurations = (
				805D053E1E784FAB00B8C682 /* Debug */,
				805D053F1E784FAB00B8C682 /* Release */,
			);
			defaultConfigurationIsVisible = 0;
			defaultConfigurationName = Release;
		};
/* End XCConfigurationList section */
	};
	rootObject = 805D05231E784FAB00B8C682 /* Project object */;
}
